Microsoft Visual Studio Solution File, Format Version 12.00
# Visual Studio Version 17
VisualStudioVersion = 17.5.2.0
MinimumVisualStudioVersion = 10.0.40219.1
Project("{FAE04EC0-301F-11D3-BF4B-00C04F79EFBC}") = "Lemmikki-tietokanta", "Lemmikki-tietokanta.csproj", "{24ACF37D-A4E7-075C-6D30-7F93D8B08B1C}"
EndProject
Global
	GlobalSection(SolutionConfigurationPlatforms) = preSolution
		Debug|Any CPU = Debug|Any CPU
		Release|Any CPU = Release|Any CPU
	EndGlobalSection
	GlobalSection(ProjectConfigurationPlatforms) = postSolution
		{24ACF37D-A4E7-075C-6D30-7F93D8B08B1C}.Debug|Any CPU.ActiveCfg = Debug|Any CPU
		{24ACF37D-A4E7-075C-6D30-7F93D8B08B1C}.Debug|Any CPU.Build.0 = Debug|Any CPU
		{24ACF37D-A4E7-075C-6D30-7F93D8B08B1C}.Release|Any CPU.ActiveCfg = Release|Any CPU
		{24ACF37D-A4E7-075C-6D30-7F93D8B08B1C}.Release|Any CPU.Build.0 = Release|Any CPU
	EndGlobalSection
	GlobalSection(SolutionProperties) = preSolution
		HideSolutionNode = FALSE
	EndGlobalSection
	GlobalSection(ExtensibilityGlobals) = postSolution
		SolutionGuid = {F79FFD64-386B-4B2B-8185-4D6D857A34C7}
	EndGlobalSection
EndGlobal
